
Microsoft Visual Studio Solution File, Format Version 12.00
# Visual Studio Version 16
VisualStudioVersion = 16.0.31321.278
MinimumVisualStudioVersion = 10.0.40219.1
Project("{9A19103F-16F7-4668-BE54-9A1E7A4F7556}") = "WpfControls.Core", "WpfControls.Core.csproj", "{869E4FA7-1784-432A-BD73-5E190A4CBAEC}"
EndProject
Global
	GlobalSection(SolutionConfigurationPlatforms) = preSolution
		Debug|Any CPU = Debug|Any CPU
		Release|Any CPU = Release|Any CPU
	EndGlobalSection
	GlobalSection(ProjectConfigurationPlatforms) = postSolution
		{869E4FA7-1784-432A-BD73-5E190A4CBAEC}.Debug|Any CPU.ActiveCfg = Debug|Any CPU
		{869E4FA7-1784-432A-BD73-5E190A4CBAEC}.Debug|Any CPU.Build.0 = Debug|Any CPU
		{869E4FA7-1784-432A-BD73-5E190A4CBAEC}.Release|Any CPU.ActiveCfg = Release|Any CPU
		{869E4FA7-1784-432A-BD73-5E190A4CBAEC}.Release|Any CPU.Build.0 = Release|Any CPU
	EndGlobalSection
	GlobalSection(SolutionProperties) = preSolution
		HideSolutionNode = FALSE
	EndGlobalSection
	GlobalSection(ExtensibilityGlobals) = postSolution
		SolutionGuid = {E401A178-1F97-474D-B1D2-5F6896330766}
	EndGlobalSection
EndGlobal
